
Microsoft Visual Studio Solution File, Format Version 12.00
# Visual Studio Version 16
VisualStudioVersion = 16.0.31613.86
MinimumVisualStudioVersion = 10.0.40219.1
Project("{FAE04EC0-301F-11D3-BF4B-00C04F79EFBC}") = "Cows", "Cows\Cows.csproj", "{EC26F1D3-11FD-461E-A951-69D2A237F31D}"
EndProject
Global
	GlobalSection(SolutionConfigurationPlatforms) = preSolution
		Debug|Any CPU = Debug|Any CPU
		Release|Any CPU = Release|Any CPU
	EndGlobalSection
	GlobalSection(ProjectConfigurationPlatforms) = postSolution
		{EC26F1D3-11FD-461E-A951-69D2A237F31D}.Debug|Any CPU.ActiveCfg = Debug|Any CPU
		{EC26F1D3-11FD-461E-A951-69D2A237F31D}.Debug|Any CPU.Build.0 = Debug|Any CPU
		{EC26F1D3-11FD-461E-A951-69D2A237F31D}.Release|Any CPU.ActiveCfg = Release|Any CPU
		{EC26F1D3-11FD-461E-A951-69D2A237F31D}.Release|Any CPU.Build.0 = Release|Any CPU
	EndGlobalSection
	GlobalSection(SolutionProperties) = preSolution
		HideSolutionNode = FALSE
	EndGlobalSection
	GlobalSection(ExtensibilityGlobals) = postSolution
		SolutionGuid = {191154CC-9505-4B26-A783-8349508C6422}
	EndGlobalSection
EndGlobal
